// !$*UTF8*$!
{
	archiveVersion = 1;
	classes = {
	};
	objectVersion = 56;
	objects = {

/* Begin PBXBuildFile section */
		F518697B29DA3AAE0074E5E7 /* IgnatianPracticesApp.swift in Sources */ = {isa = PBXBuildFile; fileRef = F518697A29DA3AAE0074E5E7 /* IgnatianPracticesApp.swift */; };
		F518697D29DA3AAE0074E5E7 /* ContentView.swift in Sources */ = {isa = PBXBuildFile; fileRef = F518697C29DA3AAE0074E5E7 /* ContentView.swift */; };
		F518697F29DA3AAF0074E5E7 /* Assets.xcassets in Resources */ = {isa = PBXBuildFile; fileRef = F518697E29DA3AAF0074E5E7 /* Assets.xcassets */; };
		F518698229DA3AAF0074E5E7 /* Preview Assets.xcassets in Resources */ = {isa = PBXBuildFile; fileRef = F518698129DA3AAF0074E5E7 /* Preview Assets.xcassets */; };
		F518698929DA50850074E5E7 /* BibleViewModel.swift in Sources */ = {isa = PBXBuildFile; fileRef = F518698829DA50850074E5E7 /* BibleViewModel.swift */; };
		F518698B29DA5A200074E5E7 /* BibleModel.swift in Sources */ = {isa = PBXBuildFile; fileRef = F518698A29DA5A200074E5E7 /* BibleModel.swift */; };
		F518699429DA68DE0074E5E7 /* ChapterView.swift in Sources */ = {isa = PBXBuildFile; fileRef = F518699329DA68DE0074E5E7 /* ChapterView.swift */; };
/* End PBXBuildFile section */

/* Begin PBXFileReference section */
		F518697729DA3AAE0074E5E7 /* IgnatianPractices.app */ = {isa = PBXFileReference; explicitFileType = wrapper.application; includeInIndex = 0; path = IgnatianPractices.app; sourceTree = BUILT_PRODUCTS_DIR; };
		F518697A29DA3AAE0074E5E7 /* IgnatianPracticesApp.swift */ = {isa = PBXFileReference; lastKnownFileType = sourcecode.swift; path = IgnatianPracticesApp.swift; sourceTree = "<group>"; };
		F518697C29DA3AAE0074E5E7 /* ContentView.swift */ = {isa = PBXFileReference; lastKnownFileType = sourcecode.swift; path = ContentView.swift; sourceTree = "<group>"; };
		F518697E29DA3AAF0074E5E7 /* Assets.xcassets */ = {isa = PBXFileReference; lastKnownFileType = folder.assetcatalog; path = Assets.xcassets; sourceTree = "<group>"; };
		F518698129DA3AAF0074E5E7 /* Preview Assets.xcassets */ = {isa = PBXFileReference; lastKnownFileType = folder.assetcatalog; path = "Preview Assets.xcassets"; sourceTree = "<group>"; };
		F518698829DA50850074E5E7 /* BibleViewModel.swift */ = {isa = PBXFileReference; lastKnownFileType = sourcecode.swift; path = BibleViewModel.swift; sourceTree = "<group>"; };
		F518698A29DA5A200074E5E7 /* BibleModel.swift */ = {isa = PBXFileReference; lastKnownFileType = sourcecode.swift; path = BibleModel.swift; sourceTree = "<group>"; };
		F518699329DA68DE0074E5E7 /* ChapterView.swift */ = {isa = PBXFileReference; lastKnownFileType = sourcecode.swift; path = ChapterView.swift; sourceTree = "<group>"; };
/* End PBXFileReference section */

/* Begin PBXFrameworksBuildPhase section */
		F518697429DA3AAE0074E5E7 /* Frameworks */ = {
			isa = PBXFrameworksBuildPhase;
			buildActionMask = 2147483647;
			files = (
			);
			runOnlyForDeploymentPostprocessing = 0;
		};
/* End PBXFrameworksBuildPhase section */

/* Begin PBXGroup section */
		F518696E29DA3AAE0074E5E7 = {
			isa = PBXGroup;
			children = (
				F518697929DA3AAE0074E5E7 /* IgnatianPractices */,
				F518697829DA3AAE0074E5E7 /* Products */,
			);
			sourceTree = "<group>";
		};
		F518697829DA3AAE0074E5E7 /* Products */ = {
			isa = PBXGroup;
			children = (
				F518697729DA3AAE0074E5E7 /* IgnatianPractices.app */,
			);
			name = Products;
			sourceTree = "<group>";
		};
		F518697929DA3AAE0074E5E7 /* IgnatianPractices */ = {
			isa = PBXGroup;
			children = (
				F518697A29DA3AAE0074E5E7 /* IgnatianPracticesApp.swift */,
				F518697E29DA3AAF0074E5E7 /* Assets.xcassets */,
				F518699029DA5AD20074E5E7 /* ViewModels */,
				F518698F29DA5AC50074E5E7 /* Models */,
				F518698E29DA5AB80074E5E7 /* Views */,
				F518698029DA3AAF0074E5E7 /* Preview Content */,
			);
			path = IgnatianPractices;
			sourceTree = "<group>";
		};
		F518698029DA3AAF0074E5E7 /* Preview Content */ = {
			isa = PBXGroup;
			children = (
				F518698129DA3AAF0074E5E7 /* Preview Assets.xcassets */,
			);
			path = "Preview Content";
			sourceTree = "<group>";
		};
		F518698E29DA5AB80074E5E7 /* Views */ = {
			isa = PBXGroup;
			children = (
				F518697C29DA3AAE0074E5E7 /* ContentView.swift */,
				F518699329DA68DE0074E5E7 /* ChapterView.swift */,
			);
			path = Views;
			sourceTree = "<group>";
		};
		F518698F29DA5AC50074E5E7 /* Models */ = {
			isa = PBXGroup;
			children = (
				F518698A29DA5A200074E5E7 /* BibleModel.swift */,
			);
			path = Models;
			sourceTree = "<group>";
		};
		F518699029DA5AD20074E5E7 /* ViewModels */ = {
			isa = PBXGroup;
			children = (
				F518698829DA50850074E5E7 /* BibleViewModel.swift */,
			);
			path = ViewModels;
			sourceTree = "<group>";
		};
/* End PBXGroup section */

/* Begin PBXNativeTarget section */
		F518697629DA3AAE0074E5E7 /* IgnatianPractices */ = {
			isa = PBXNativeTarget;
			buildConfigurationList = F518698529DA3AAF0074E5E7 /* Build configuration list for PBXNativeTarget "IgnatianPractices" */;
			buildPhases = (
				F518697329DA3AAE0074E5E7 /* Sources */,
				F518697429DA3AAE0074E5E7 /* Frameworks */,
				F518697529DA3AAE0074E5E7 /* Resources */,
			);
			buildRules = (
			);
			dependencies = (
			);
			name = IgnatianPractices;
			productName = IgnatianPractices;
			productReference = F518697729DA3AAE0074E5E7 /* IgnatianPractices.app */;
			productType = "com.apple.product-type.application";
		};
/* End PBXNativeTarget section */

/* Begin PBXProject section */
		F518696F29DA3AAE0074E5E7 /* Project object */ = {
			isa = PBXProject;
			attributes = {
				BuildIndependentTargetsInParallel = 1;
				LastSwiftUpdateCheck = 1430;
				LastUpgradeCheck = 1430;
				TargetAttributes = {
					F518697629DA3AAE0074E5E7 = {
						CreatedOnToolsVersion = 14.3;
					};
				};
			};
			buildConfigurationList = F518697229DA3AAE0074E5E7 /* Build configuration list for PBXProject "IgnatianPractices" */;
			compatibilityVersion = "Xcode 14.0";
			developmentRegion = en;
			hasScannedForEncodings = 0;
			knownRegions = (
				en,
				Base,
			);
			mainGroup = F518696E29DA3AAE0074E5E7;
			productRefGroup = F518697829DA3AAE0074E5E7 /* Products */;
			projectDirPath = "";
			projectRoot = "";
			targets = (
				F518697629DA3AAE0074E5E7 /* IgnatianPractices */,
			);
		};
/* End PBXProject section */

/* Begin PBXResourcesBuildPhase section */
		F518697529DA3AAE0074E5E7 /* Resources */ = {
			isa = PBXResourcesBuildPhase;
			buildActionMask = 2147483647;
			files = (
				F518698229DA3AAF0074E5E7 /* Preview Assets.xcassets in Resources */,
				F518697F29DA3AAF0074E5E7 /* Assets.xcassets in Resources */,
			);
			runOnlyForDeploymentPostprocessing = 0;
		};
/* End PBXResourcesBuildPhase section */

/* Begin PBXSourcesBuildPhase section */
		F518697329DA3AAE0074E5E7 /* Sources */ = {
			isa = PBXSourcesBuildPhase;
			buildActionMask = 2147483647;
			files = (
				F518697D29DA3AAE0074E5E7 /* ContentView.swift in Sources */,
				F518698929DA50850074E5E7 /* BibleViewModel.swift in Sources */,
				F518699429DA68DE0074E5E7 /* ChapterView.swift in Sources */,
				F518698B29DA5A200074E5E7 /* BibleModel.swift in Sources */,
				F518697B29DA3AAE0074E5E7 /* IgnatianPracticesApp.swift in Sources */,
			);
			runOnlyForDeploymentPostprocessing = 0;
		};
/* End PBXSourcesBuildPhase section */

/* Begin XCBuildConfiguration section */
		F518698329DA3AAF0074E5E7 /* Debug */ = {
			isa = XCBuildConfiguration;
			buildSettings = {
				ALWAYS_SEARCH_USER_PATHS = NO;
				CLANG_ANALYZER_NONNULL = YES;
				CLANG_ANALYZER_NUMBER_OBJECT_CONVERSION = YES_AGGRESSIVE;
				CLANG_CXX_LANGUAGE_STANDARD = "gnu++20";
				CLANG_ENABLE_MODULES = YES;
				CLANG_ENABLE_OBJC_ARC = YES;
				CLANG_ENABLE_OBJC_WEAK = YES;
				CLANG_WARN_BLOCK_CAPTURE_AUTORELEASING = YES;
				CLANG_WARN_BOOL_CONVERSION = YES;
				CLANG_WARN_COMMA = YES;
				CLANG_WARN_CONSTANT_CONVERSION = YES;
				CLANG_WARN_DEPRECATED_OBJC_IMPLEMENTATIONS = YES;
				CLANG_WARN_DIRECT_OBJC_ISA_USAGE = YES_ERROR;
				CLANG_WARN_DOCUMENTATION_COMMENTS = YES;
				CLANG_WARN_EMPTY_BODY = YES;
				CLANG_WARN_ENUM_CONVERSION = YES;
				CLANG_WARN_INFINITE_RECURSION = YES;
				CLANG_WARN_INT_CONVERSION = YES;
				CLANG_WARN_NON_LITERAL_NULL_CONVERSION = YES;
				CLANG_WARN_OBJC_IMPLICIT_RETAIN_SELF = YES;
				CLANG_WARN_OBJC_LITERAL_CONVERSION = YES;
				CLANG_WARN_OBJC_ROOT_CLASS = YES_ERROR;
				CLANG_WARN_QUOTED_INCLUDE_IN_FRAMEWORK_HEADER = YES;
				CLANG_WARN_RANGE_LOOP_ANALYSIS = YES;
				CLANG_WARN_STRICT_PROTOTYPES = YES;
				CLANG_WARN_SUSPICIOUS_MOVE = YES;
				CLANG_WARN_UNGUARDED_AVAILABILITY = YES_AGGRESSIVE;
				CLANG_WARN_UNREACHABLE_CODE = YES;
				CLANG_WARN__DUPLICATE_METHOD_MATCH = YES;
				COPY_PHASE_STRIP = NO;
				DEBUG_INFORMATION_FORMAT = dwarf;
				ENABLE_STRICT_OBJC_MSGSEND = YES;
				ENABLE_TESTABILITY = YES;
				GCC_C_LANGUAGE_STANDARD = gnu11;
				GCC_DYNAMIC_NO_PIC = NO;
				GCC_NO_COMMON_BLOCKS = YES;
				GCC_OPTIMIZATION_LEVEL = 0;
				GCC_PREPROCESSOR_DEFINITIONS = (
					"DEBUG=1",
					"$(inherited)",
				);
				GCC_WARN_64_TO_32_BIT_CONVERSION = YES;
				GCC_WARN_ABOUT_RETURN_TYPE = YES_ERROR;
				GCC_WARN_UNDECLARED_SELECTOR = YES;
				GCC_WARN_UNINITIALIZED_AUTOS = YES_AGGRESSIVE;
				GCC_WARN_UNUSED_FUNCTION = YES;
				GCC_WARN_UNUSED_VARIABLE = YES;
				IPHONEOS_DEPLOYMENT_TARGET = 16.4;
				MTL_ENABLE_DEBUG_INFO = INCLUDE_SOURCE;
				MTL_FAST_MATH = YES;
				ONLY_ACTIVE_ARCH = YES;
				SDKROOT = iphoneos;
				SWIFT_ACTIVE_COMPILATION_CONDITIONS = DEBUG;
				SWIFT_OPTIMIZATION_LEVEL = "-Onone";
			};
			name = Debug;
		};
		F518698429DA3AAF0074E5E7 /* Release */ = {
			isa = XCBuildConfiguration;
			buildSettings = {
				ALWAYS_SEARCH_USER_PATHS = NO;
				CLANG_ANALYZER_NONNULL = YES;
				CLANG_ANALYZER_NUMBER_OBJECT_CONVERSION = YES_AGGRESSIVE;
				CLANG_CXX_LANGUAGE_STANDARD = "gnu++20";
				CLANG_ENABLE_MODULES = YES;
				CLANG_ENABLE_OBJC_ARC = YES;
				CLANG_ENABLE_OBJC_WEAK = YES;
				CLANG_WARN_BLOCK_CAPTURE_AUTORELEASING = YES;
				CLANG_WARN_BOOL_CONVERSION = YES;
				CLANG_WARN_COMMA = YES;
				CLANG_WARN_CONSTANT_CONVERSION = YES;
				CLANG_WARN_DEPRECATED_OBJC_IMPLEMENTATIONS = YES;
				CLANG_WARN_DIRECT_OBJC_ISA_USAGE = YES_ERROR;
				CLANG_WARN_DOCUMENTATION_COMMENTS = YES;
				CLANG_WARN_EMPTY_BODY = YES;
				CLANG_WARN_ENUM_CONVERSION = YES;
				CLANG_WARN_INFINITE_RECURSION = YES;
				CLANG_WARN_INT_CONVERSION = YES;
				CLANG_WARN_NON_LITERAL_NULL_CONVERSION = YES;
				CLANG_WARN_OBJC_IMPLICIT_RETAIN_SELF = YES;
				CLANG_WARN_OBJC_LITERAL_CONVERSION = YES;
				CLANG_WARN_OBJC_ROOT_CLASS = YES_ERROR;
				CLANG_WARN_QUOTED_INCLUDE_IN_FRAMEWORK_HEADER = YES;
				CLANG_WARN_RANGE_LOOP_ANALYSIS = YES;
				CLANG_WARN_STRICT_PROTOTYPES = YES;
				CLANG_WARN_SUSPICIOUS_MOVE = YES;
				CLANG_WARN_UNGUARDED_AVAILABILITY = YES_AGGRESSIVE;
				CLANG_WARN_UNREACHABLE_CODE = YES;
				CLANG_WARN__DUPLICATE_METHOD_MATCH = YES;
				COPY_PHASE_STRIP = NO;
				DEBUG_INFORMATION_FORMAT = "dwarf-with-dsym";
				ENABLE_NS_ASSERTIONS = NO;
				ENABLE_STRICT_OBJC_MSGSEND = YES;
				GCC_C_LANGUAGE_STANDARD = gnu11;
				GCC_NO_COMMON_BLOCKS = YES;
				GCC_WARN_64_TO_32_BIT_CONVERSION = YES;
				GCC_WARN_ABOUT_RETURN_TYPE = YES_ERROR;
				GCC_WARN_UNDECLARED_SELECTOR = YES;
				GCC_WARN_UNINITIALIZED_AUTOS = YES_AGGRESSIVE;
				GCC_WARN_UNUSED_FUNCTION = YES;
				GCC_WARN_UNUSED_VARIABLE = YES;
				IPHONEOS_DEPLOYMENT_TARGET = 16.4;
				MTL_ENABLE_DEBUG_INFO = NO;
				MTL_FAST_MATH = YES;
				SDKROOT = iphoneos;
				SWIFT_COMPILATION_MODE = wholemodule;
				SWIFT_OPTIMIZATION_LEVEL = "-O";
				VALIDATE_PRODUCT = YES;
			};
			name = Release;
		};
		F518698629DA3AAF0074E5E7 /* Debug */ = {
			isa = XCBuildConfiguration;
			buildSettings = {
				ASSETCATALOG_COMPILER_APPICON_NAME = AppIcon;
				ASSETCATALOG_COMPILER_GLOBAL_ACCENT_COLOR_NAME = AccentColor;
				CODE_SIGN_STYLE = Automatic;
				CURRENT_PROJECT_VERSION = 1;
				DEVELOPMENT_ASSET_PATHS = "\"IgnatianPractices/Preview Content\"";
				ENABLE_PREVIEWS = YES;
				GENERATE_INFOPLIST_FILE = YES;
				INFOPLIST_KEY_UIApplicationSceneManifest_Generation = YES;
				INFOPLIST_KEY_UIApplicationSupportsIndirectInputEvents = YES;
				INFOPLIST_KEY_UILaunchScreen_Generation = YES;
				INFOPLIST_KEY_UISupportedInterfaceOrientations_iPad = "UIInterfaceOrientationPortrait UIInterfaceOrientationPortraitUpsideDown UIInterfaceOrientationLandscapeLeft UIInterfaceOrientationLandscapeRight";
				INFOPLIST_KEY_UISupportedInterfaceOrientations_iPhone = "UIInterfaceOrientationPortrait UIInterfaceOrientationLandscapeLeft UIInterfaceOrientationLandscapeRight";
				LD_RUNPATH_SEARCH_PATHS = (
					"$(inherited)",
					"@executable_path/Frameworks",
				);
				MARKETING_VERSION = 1.0;
				PRODUCT_BUNDLE_IDENTIFIER = edu.auburn.onlinecsse.IgnatianPractices;
				PRODUCT_NAME = "$(TARGET_NAME)";
				SWIFT_EMIT_LOC_STRINGS = YES;
				SWIFT_VERSION = 5.0;
				TARGETED_DEVICE_FAMILY = "1,2";
			};
			name = Debug;
		};
		F518698729DA3AAF0074E5E7 /* Release */ = {
			isa = XCBuildConfiguration;
			buildSettings = {
				ASSETCATALOG_COMPILER_APPICON_NAME = AppIcon;
				ASSETCATALOG_COMPILER_GLOBAL_ACCENT_COLOR_NAME = AccentColor;
				CODE_SIGN_STYLE = Automatic;
				CURRENT_PROJECT_VERSION = 1;
				DEVELOPMENT_ASSET_PATHS = "\"IgnatianPractices/Preview Content\"";
				ENABLE_PREVIEWS = YES;
				GENERATE_INFOPLIST_FILE = YES;
				INFOPLIST_KEY_UIApplicationSceneManifest_Generation = YES;
				INFOPLIST_KEY_UIApplicationSupportsIndirectInputEvents = YES;
				INFOPLIST_KEY_UILaunchScreen_Generation = YES;
				INFOPLIST_KEY_UISupportedInterfaceOrientations_iPad = "UIInterfaceOrientationPortrait UIInterfaceOrientationPortraitUpsideDown UIInterfaceOrientationLandscapeLeft UIInterfaceOrientationLandscapeRight";
				INFOPLIST_KEY_UISupportedInterfaceOrientations_iPhone = "UIInterfaceOrientationPortrait UIInterfaceOrientationLandscapeLeft UIInterfaceOrientationLandscapeRight";
				LD_RUNPATH_SEARCH_PATHS = (
					"$(inherited)",
					"@executable_path/Frameworks",
				);
				MARKETING_VERSION = 1.0;
				PRODUCT_BUNDLE_IDENTIFIER = edu.auburn.onlinecsse.IgnatianPractices;
				PRODUCT_NAME = "$(TARGET_NAME)";
				SWIFT_EMIT_LOC_STRINGS = YES;
				SWIFT_VERSION = 5.0;
				TARGETED_DEVICE_FAMILY = "1,2";
			};
			name = Release;
		};
/* End XCBuildConfiguration section */

/* Begin XCConfigurationList section */
		F518697229DA3AAE0074E5E7 /* Build configuration list for PBXProject "IgnatianPractices" */ = {
			isa = XCConfigurationList;
			buildConfigurations = (
				F518698329DA3AAF0074E5E7 /* Debug */,
				F518698429DA3AAF0074E5E7 /* Release */,
			);
			defaultConfigurationIsVisible = 0;
			defaultConfigurationName = Release;
		};
		F518698529DA3AAF0074E5E7 /* Build configuration list for PBXNativeTarget "IgnatianPractices" */ = {
			isa = XCConfigurationList;
			buildConfigurations = (
				F518698629DA3AAF0074E5E7 /* Debug */,
				F518698729DA3AAF0074E5E7 /* Release */,
			);
			defaultConfigurationIsVisible = 0;
			defaultConfigurationName = Release;
		};
/* End XCConfigurationList section */
	};
	rootObject = F518696F29DA3AAE0074E5E7 /* Project object */;
}
